
Microsoft Visual Studio Solution File, Format Version 12.00
# Visual Studio 2012
Project("{FAE04EC0-301F-11D3-BF4B-00C04F79EFBC}") = "Composition", "Composition\Composition.csproj", "{8AD30D9F-2478-4D0E-8C75-90C95C704DFB}"
EndProject
Global
	GlobalSection(SolutionConfigurationPlatforms) = preSolution
		Debug|x86 = Debug|x86
		Release|x86 = Release|x86
	EndGlobalSection
	GlobalSection(ProjectConfigurationPlatforms) = postSolution
		{8AD30D9F-2478-4D0E-8C75-90C95C704DFB}.Debug|x86.ActiveCfg = Debug|x86
		{8AD30D9F-2478-4D0E-8C75-90C95C704DFB}.Debug|x86.Build.0 = Debug|x86
		{8AD30D9F-2478-4D0E-8C75-90C95C704DFB}.Release|x86.ActiveCfg = Release|x86
		{8AD30D9F-2478-4D0E-8C75-90C95C704DFB}.Release|x86.Build.0 = Release|x86
	EndGlobalSection
EndGlobal
