
Microsoft Visual Studio Solution File, Format Version 12.00
# Visual Studio 2012
Project("{FAE04EC0-301F-11D3-BF4B-00C04F79EFBC}") = "Casting", "Casting\Casting.csproj", "{DDBB55CE-E59E-4BFC-966C-A40040F06CD7}"
EndProject
Global
	GlobalSection(SolutionConfigurationPlatforms) = preSolution
		Debug|x86 = Debug|x86
		Release|x86 = Release|x86
	EndGlobalSection
	GlobalSection(ProjectConfigurationPlatforms) = postSolution
		{DDBB55CE-E59E-4BFC-966C-A40040F06CD7}.Debug|x86.ActiveCfg = Debug|x86
		{DDBB55CE-E59E-4BFC-966C-A40040F06CD7}.Debug|x86.Build.0 = Debug|x86
		{DDBB55CE-E59E-4BFC-966C-A40040F06CD7}.Release|x86.ActiveCfg = Release|x86
		{DDBB55CE-E59E-4BFC-966C-A40040F06CD7}.Release|x86.Build.0 = Release|x86
	EndGlobalSection
EndGlobal
